[{<<"color">>,
  {git,"git://github.com/julianduque/erlang-color.git",
       {ref,"a83c98a8ec5679626799446ddb29668044e20e30"}},
  1},
 {<<"goldrush">>,
  {git,"git://github.com/DeadZen/goldrush.git",
       {ref,"71e63212f12c25827e0c1b4198d37d5d018a7fec"}},
  1},
 {<<"lager">>,
  {git,"git://github.com/basho/lager.git",
       {ref,"d33ccf3b69de09a628fe38b4d7981bb8671b8a4f"}},
  0},
 {<<"tdiff">>,
  {git,"git://github.com/tomas-abrahamsson/tdiff.git",
       {ref,"bbb54ce20df388f2c7d01e8df30ef471ca98d0fb"}},
  1},
 {<<"thrift">>,
  {git,"git://github.com/pablo-meier/thrift-erl.git",
       {ref,"d3a1f4834efe3963f5843e21eb264f56d16d4398"}},
  0},
 {<<"unite">>,
  {git,"git://github.com/eproxus/unite.git",
       {ref,"f94a4ca6736e3067b125b52c9f7fcbc2dc206c3b"}},
  0}].
